
Microsoft Visual Studio Solution File, Format Version 12.00
# Visual Studio Version 17
VisualStudioVersion = 17.0.31903.59
MinimumVisualStudioVersion = 10.0.40219.1
Project("{9A19103F-16F7-4668-BE54-9A1E7A4F7556}") = "Domain", "Domain\Domain.csproj", "{91EB28C1-E9C5-47CE-818F-4E972F5E098B}"
EndProject
Project("{9A19103F-16F7-4668-BE54-9A1E7A4F7556}") = "Infrastructure", "Infrastructure\Infrastructure.csproj", "{8A1A2DA8-AE0F-4102-81E1-EBAE75185659}"
EndProject
Project("{9A19103F-16F7-4668-BE54-9A1E7A4F7556}") = "Application", "Application\Application.csproj", "{7AE28A27-2012-4C62-9B65-223F6D095FD9}"
EndProject
Project("{9A19103F-16F7-4668-BE54-9A1E7A4F7556}") = "Api", "Api\Api.csproj", "{39433920-FCD8-457B-A80F-F326D43302A3}"
EndProject
Global
	GlobalSection(SolutionConfigurationPlatforms) = preSolution
		Debug|Any CPU = Debug|Any CPU
		Release|Any CPU = Release|Any CPU
	EndGlobalSection
	GlobalSection(ProjectConfigurationPlatforms) = postSolution
		{91EB28C1-E9C5-47CE-818F-4E972F5E098B}.Debug|Any CPU.ActiveCfg = Debug|Any CPU
		{91EB28C1-E9C5-47CE-818F-4E972F5E098B}.Debug|Any CPU.Build.0 = Debug|Any CPU
		{91EB28C1-E9C5-47CE-818F-4E972F5E098B}.Release|Any CPU.ActiveCfg = Release|Any CPU
		{91EB28C1-E9C5-47CE-818F-4E972F5E098B}.Release|Any CPU.Build.0 = Release|Any CPU
		{8A1A2DA8-AE0F-4102-81E1-EBAE75185659}.Debug|Any CPU.ActiveCfg = Debug|Any CPU
		{8A1A2DA8-AE0F-4102-81E1-EBAE75185659}.Debug|Any CPU.Build.0 = Debug|Any CPU
		{8A1A2DA8-AE0F-4102-81E1-EBAE75185659}.Release|Any CPU.ActiveCfg = Release|Any CPU
		{8A1A2DA8-AE0F-4102-81E1-EBAE75185659}.Release|Any CPU.Build.0 = Release|Any CPU
		{7AE28A27-2012-4C62-9B65-223F6D095FD9}.Debug|Any CPU.ActiveCfg = Debug|Any CPU
		{7AE28A27-2012-4C62-9B65-223F6D095FD9}.Debug|Any CPU.Build.0 = Debug|Any CPU
		{7AE28A27-2012-4C62-9B65-223F6D095FD9}.Release|Any CPU.ActiveCfg = Release|Any CPU
		{7AE28A27-2012-4C62-9B65-223F6D095FD9}.Release|Any CPU.Build.0 = Release|Any CPU
		{39433920-FCD8-457B-A80F-F326D43302A3}.Debug|Any CPU.ActiveCfg = Debug|Any CPU
		{39433920-FCD8-457B-A80F-F326D43302A3}.Debug|Any CPU.Build.0 = Debug|Any CPU
		{39433920-FCD8-457B-A80F-F326D43302A3}.Release|Any CPU.ActiveCfg = Release|Any CPU
		{39433920-FCD8-457B-A80F-F326D43302A3}.Release|Any CPU.Build.0 = Release|Any CPU
	EndGlobalSection
	GlobalSection(SolutionProperties) = preSolution
		HideSolutionNode = FALSE
	EndGlobalSection
	GlobalSection(ExtensibilityGlobals) = postSolution
		SolutionGuid = {3CB609D9-5D54-4C11-A371-DAAC8B74E430}
	EndGlobalSection
EndGlobal
